
Microsoft Visual Studio Solution File, Format Version 12.00
# Visual Studio Version 16
VisualStudioVersion = 16.0.31205.134
MinimumVisualStudioVersion = 10.0.40219.1
Project("{FAE04EC0-301F-11D3-BF4B-00C04F79EFBC}") = "Generic Collections", "Generic Collections.csproj", "{6521C24E-D19E-4DE2-8195-6217DBCB9ADB}"
EndProject
Global
	GlobalSection(SolutionConfigurationPlatforms) = preSolution
		Debug|Any CPU = Debug|Any CPU
		Release|Any CPU = Release|Any CPU
	EndGlobalSection
	GlobalSection(ProjectConfigurationPlatforms) = postSolution
		{6521C24E-D19E-4DE2-8195-6217DBCB9ADB}.Debug|Any CPU.ActiveCfg = Debug|Any CPU
		{6521C24E-D19E-4DE2-8195-6217DBCB9ADB}.Debug|Any CPU.Build.0 = Debug|Any CPU
		{6521C24E-D19E-4DE2-8195-6217DBCB9ADB}.Release|Any CPU.ActiveCfg = Release|Any CPU
		{6521C24E-D19E-4DE2-8195-6217DBCB9ADB}.Release|Any CPU.Build.0 = Release|Any CPU
	EndGlobalSection
	GlobalSection(SolutionProperties) = preSolution
		HideSolutionNode = FALSE
	EndGlobalSection
	GlobalSection(ExtensibilityGlobals) = postSolution
		SolutionGuid = {AB786DC6-CCA5-4CB2-9401-C106E7DA9E9B}
	EndGlobalSection
EndGlobal
